
Microsoft Visual Studio Solution File, Format Version 12.00
# Visual Studio Version 17
VisualStudioVersion = 17.6.33829.357
MinimumVisualStudioVersion = 10.0.40219.1
Project("{FAE04EC0-301F-11D3-BF4B-00C04F79EFBC}") = "Excel  a xml", "Excel  a xml.csproj", "{5C87C28E-0ABB-43BE-B18E-2B35E15D1FB9}"
EndProject
Global
	GlobalSection(SolutionConfigurationPlatforms) = preSolution
		Debug|Any CPU = Debug|Any CPU
		Release|Any CPU = Release|Any CPU
	EndGlobalSection
	GlobalSection(ProjectConfigurationPlatforms) = postSolution
		{5C87C28E-0ABB-43BE-B18E-2B35E15D1FB9}.Debug|Any CPU.ActiveCfg = Debug|Any CPU
		{5C87C28E-0ABB-43BE-B18E-2B35E15D1FB9}.Debug|Any CPU.Build.0 = Debug|Any CPU
		{5C87C28E-0ABB-43BE-B18E-2B35E15D1FB9}.Release|Any CPU.ActiveCfg = Release|Any CPU
		{5C87C28E-0ABB-43BE-B18E-2B35E15D1FB9}.Release|Any CPU.Build.0 = Release|Any CPU
	EndGlobalSection
	GlobalSection(SolutionProperties) = preSolution
		HideSolutionNode = FALSE
	EndGlobalSection
	GlobalSection(ExtensibilityGlobals) = postSolution
		SolutionGuid = {846A846D-2CE2-464F-A569-76EDAF5EE048}
	EndGlobalSection
EndGlobal
